
Microsoft Visual Studio Solution File, Format Version 12.00
# Visual Studio Version 17
VisualStudioVersion = 17.1.32319.34
MinimumVisualStudioVersion = 10.0.40219.1
Project("{FAE04EC0-301F-11D3-BF4B-00C04F79EFBC}") = "music-player", "music-player\music-player.csproj", "{709614CE-D82A-4396-B98E-9F7D50E42D2A}"
EndProject
Global
	GlobalSection(SolutionConfigurationPlatforms) = preSolution
		Debug|Any CPU = Debug|Any CPU
		Release|Any CPU = Release|Any CPU
	EndGlobalSection
	GlobalSection(ProjectConfigurationPlatforms) = postSolution
		{709614CE-D82A-4396-B98E-9F7D50E42D2A}.Debug|Any CPU.ActiveCfg = Debug|Any CPU
		{709614CE-D82A-4396-B98E-9F7D50E42D2A}.Debug|Any CPU.Build.0 = Debug|Any CPU
		{709614CE-D82A-4396-B98E-9F7D50E42D2A}.Release|Any CPU.ActiveCfg = Release|Any CPU
		{709614CE-D82A-4396-B98E-9F7D50E42D2A}.Release|Any CPU.Build.0 = Release|Any CPU
	EndGlobalSection
	GlobalSection(SolutionProperties) = preSolution
		HideSolutionNode = FALSE
	EndGlobalSection
	GlobalSection(ExtensibilityGlobals) = postSolution
		SolutionGuid = {A97DB3E7-C9DE-4303-A256-20BE009C3F50}
	EndGlobalSection
EndGlobal
